
Microsoft Visual Studio Solution File, Format Version 12.00
# Visual Studio 2012
Project("{2150E333-8FDC-42A3-9474-1A3956D46DE8}") = "View", "View", "{953A4A84-9E4C-43AD-9478-06F141048C96}"
EndProject
Project("{2150E333-8FDC-42A3-9474-1A3956D46DE8}") = "Comum", "Comum", "{5595A2BC-2D23-4775-A70C-CDD915E9F9CF}"
EndProject
Project("{2150E333-8FDC-42A3-9474-1A3956D46DE8}") = "Dependencies", "Dependencies", "{EA5F59AE-FD74-4402-A01B-F6B9BDC036FC}"
	ProjectSection(SolutionItems) = preProject
		Comum\HLP.Comum.ViewModel\app.config = Comum\HLP.Comum.ViewModel\app.config
	EndProjectSection
EndProject
Project("{2150E333-8FDC-42A3-9474-1A3956D46DE8}") = "Models", "Models", "{2AF39EF2-5B74-4912-B440-FFF641FCE62E}"
EndProject
Project("{2150E333-8FDC-42A3-9474-1A3956D46DE8}") = "ViewModel", "ViewModel", "{E2DA3F5E-A27F-475C-B8C4-D17394BF359A}"
EndProject
Project("{2150E333-8FDC-42A3-9474-1A3956D46DE8}") = "wpf", "wpf", "{7FC21FF5-7808-49FE-BB3B-7B85CD911681}"
EndProject
Project("{FAE04EC0-301F-11D3-BF4B-00C04F79EFBC}") = "HLP.Comum.View", "Comum\HLP.Comum.View\HLP.Comum.View.csproj", "{178FDD5C-D3E5-4809-87C6-3A69C0055BC6}"
EndProject
Project("{FAE04EC0-301F-11D3-BF4B-00C04F79EFBC}") = "HLP.Entries.Model", "Model\HLP.Entries.Model\HLP.Entries.Model.csproj", "{EF298CED-27E9-4647-93D6-883F4DCCC9EE}"
EndProject
Project("{FAE04EC0-301F-11D3-BF4B-00C04F79EFBC}") = "HLP.Magnificus.View.WPF", "View\WPF\HLP.Magnificus.View.WPF\HLP.Magnificus.View.WPF.csproj", "{3A658E63-1DBA-4CE0-9696-5A40E292A944}"
EndProject
Project("{FAE04EC0-301F-11D3-BF4B-00C04F79EFBC}") = "HLP.Entries.ViewModel", "ViewModel\HLP.Entries.ViewModel\HLP.Entries.ViewModel.csproj", "{63E0A405-18C8-44FA-A436-C7E0B3D2FA7A}"
EndProject
Project("{FAE04EC0-301F-11D3-BF4B-00C04F79EFBC}") = "HLP.Dependencies", "Dependencies\HLP.Dependencies\HLP.Dependencies.csproj", "{6C138179-2C79-4535-9C3C-E78C529D3598}"
EndProject
Project("{FAE04EC0-301F-11D3-BF4B-00C04F79EFBC}") = "HLP.Entries.View.WPF", "View\WPF\HLP.Entries.View.WPF\HLP.Entries.View.WPF.csproj", "{F6E2FD5E-5581-4362-A072-FCE5099CCCC1}"
EndProject
Project("{FAE04EC0-301F-11D3-BF4B-00C04F79EFBC}") = "HLP.Comum.Resources", "Comum\HLP.Comum.Resources\HLP.Comum.Resources.csproj", "{E92DD62D-5BF4-4968-A03C-869127AB5860}"
EndProject
Project("{2150E333-8FDC-42A3-9474-1A3956D46DE8}") = "Wcf", "Wcf", "{7C07B7A9-117F-4C58-94B3-8B961F1D817D}"
	ProjectSection(SolutionItems) = preProject
		ViewModel\HLP.Entries.ViewModel\app.config = ViewModel\HLP.Entries.ViewModel\app.config
	EndProjectSection
EndProject
Project("{2150E333-8FDC-42A3-9474-1A3956D46DE8}") = "Entries", "Entries", "{DEC0FCF6-6249-4DAA-937D-94CE4F0EF2BF}"
EndProject
Project("{FAE04EC0-301F-11D3-BF4B-00C04F79EFBC}") = "HLP.Wcf.Entries", "HLP.Wcf.Entries\HLP.Wcf.Entries.csproj", "{9C776ABF-BCDA-4A4E-B14E-CF35510C5CA2}"
EndProject
Project("{FAE04EC0-301F-11D3-BF4B-00C04F79EFBC}") = "HLP.Sales.Model", "HLP.Sales.Model\HLP.Sales.Model.csproj", "{B27B639D-7237-466D-A5A8-C9B126485A21}"
EndProject
Project("{2150E333-8FDC-42A3-9474-1A3956D46DE8}") = "Sales", "Sales", "{1E8D5EDE-1219-476B-8A2F-32F3ED8692B6}"
EndProject
Project("{FAE04EC0-301F-11D3-BF4B-00C04F79EFBC}") = "HLP.Wcf.Sales", "HLP.Wcf.Sales\HLP.Wcf.Sales.csproj", "{8C718C6C-DD19-43C8-AA18-4FE453D9C6A2}"
EndProject
Project("{FAE04EC0-301F-11D3-BF4B-00C04F79EFBC}") = "HLP.Sales.ViewModel", "HLP.Sales.ViewModel\HLP.Sales.ViewModel.csproj", "{D366257C-5ED0-425E-9EF3-125A2CEC5AFD}"
EndProject
Project("{FAE04EC0-301F-11D3-BF4B-00C04F79EFBC}") = "HLP.Comum.Facade", "HLP.Comum.Facade\HLP.Comum.Facade.csproj", "{3E7AF44F-8443-4DDF-A196-F6EE90883898}"
EndProject
Project("{FAE04EC0-301F-11D3-BF4B-00C04F79EFBC}") = "HLP.Sales.View.WPF", "HLP.Sales.View.WPF\HLP.Sales.View.WPF.csproj", "{629160D8-8A40-4515-A5D8-9C20024FC0E2}"
EndProject
Project("{2150E333-8FDC-42A3-9474-1A3956D46DE8}") = "Base", "Base", "{65DC3BDC-E5FE-46E2-A9EF-7CF315FC52CD}"
EndProject
Project("{FAE04EC0-301F-11D3-BF4B-00C04F79EFBC}") = "HLP.Base", "HLP.Base\HLP.Base.csproj", "{BECAF421-BC5C-434B-9A2A-049896927118}"
EndProject
Project("{2150E333-8FDC-42A3-9474-1A3956D46DE8}") = "Services", "Services", "{DB495CC8-7950-4067-B0F4-FF76527A7325}"
EndProject
Project("{FAE04EC0-301F-11D3-BF4B-00C04F79EFBC}") = "HLP.Entries.Services", "HLP.Entries.Services\HLP.Entries.Services.csproj", "{8FA15D31-FFF9-4063-89C8-2886FA032582}"
EndProject
Project("{FAE04EC0-301F-11D3-BF4B-00C04F79EFBC}") = "HLP.Comum.View.WPF", "HLP.Comum.View.WPF\HLP.Comum.View.WPF.csproj", "{EA02E402-18CC-40F4-81A2-4007935F4C67}"
EndProject
Project("{FAE04EC0-301F-11D3-BF4B-00C04F79EFBC}") = "HLP.Components.Model", "HLP.Components.Model\HLP.Components.Model.csproj", "{EA56BE52-7FDC-4578-B856-0A5418751661}"
EndProject
Project("{FAE04EC0-301F-11D3-BF4B-00C04F79EFBC}") = "HLP.Components.Services", "HLP.Components.Services\HLP.Components.Services.csproj", "{07B054E3-2FCC-4927-9E61-993983D02EDF}"
EndProject
Project("{FAE04EC0-301F-11D3-BF4B-00C04F79EFBC}") = "HLP.Resources.View.WPF", "HLP.Resources.View.WPF\HLP.Resources.View.WPF.csproj", "{8D4B32BE-E2BC-42AB-8715-A6B73F2956E6}"
EndProject
Project("{FAE04EC0-301F-11D3-BF4B-00C04F79EFBC}") = "HLP.ComumView.ViewModel", "HLP.ComumView.ViewModel\HLP.ComumView.ViewModel.csproj", "{CCFC8E30-5A35-4451-BBC5-6FAC96016BF6}"
EndProject
Project("{FAE04EC0-301F-11D3-BF4B-00C04F79EFBC}") = "HLP.ComumView.Model", "HLP.ComumView.Model\HLP.ComumView.Model.csproj", "{2F94ADAC-04C1-45FF-A598-8F253CE14C5F}"
EndProject
Project("{FAE04EC0-301F-11D3-BF4B-00C04F79EFBC}") = "HLP.Components.ViewModel", "HLP.Components.ViewModel\HLP.Components.ViewModel.csproj", "{937C9439-CC70-40D2-96F5-D9AD99C51181}"
EndProject
Project("{FAE04EC0-301F-11D3-BF4B-00C04F79EFBC}") = "HLP.Components.View.WPF", "HLP.Components.View.WPF\HLP.Components.View.WPF.csproj", "{048F4C37-AD90-403F-A9A1-64D0789983C5}"
EndProject
Global
	GlobalSection(SolutionConfigurationPlatforms) = preSolution
		CD_ROM|Any CPU = CD_ROM|Any CPU
		Debug|Any CPU = Debug|Any CPU
		DVD-5|Any CPU = DVD-5|Any CPU
		Release|Any CPU = Release|Any CPU
		SingleImage|Any CPU = SingleImage|Any CPU
	EndGlobalSection
	GlobalSection(ProjectConfigurationPlatforms) = postSolution
		{178FDD5C-D3E5-4809-87C6-3A69C0055BC6}.CD_ROM|Any CPU.ActiveCfg = Release|Any CPU
		{178FDD5C-D3E5-4809-87C6-3A69C0055BC6}.CD_ROM|Any CPU.Build.0 = Release|Any CPU
		{178FDD5C-D3E5-4809-87C6-3A69C0055BC6}.Debug|Any CPU.ActiveCfg = Debug|Any CPU
		{178FDD5C-D3E5-4809-87C6-3A69C0055BC6}.Debug|Any CPU.Build.0 = Debug|Any CPU
		{178FDD5C-D3E5-4809-87C6-3A69C0055BC6}.DVD-5|Any CPU.ActiveCfg = Debug|Any CPU
		{178FDD5C-D3E5-4809-87C6-3A69C0055BC6}.DVD-5|Any CPU.Build.0 = Debug|Any CPU
		{178FDD5C-D3E5-4809-87C6-3A69C0055BC6}.Release|Any CPU.ActiveCfg = Release|Any CPU
		{178FDD5C-D3E5-4809-87C6-3A69C0055BC6}.Release|Any CPU.Build.0 = Release|Any CPU
		{178FDD5C-D3E5-4809-87C6-3A69C0055BC6}.SingleImage|Any CPU.ActiveCfg = Release|Any CPU
		{178FDD5C-D3E5-4809-87C6-3A69C0055BC6}.SingleImage|Any CPU.Build.0 = Release|Any CPU
		{EF298CED-27E9-4647-93D6-883F4DCCC9EE}.CD_ROM|Any CPU.ActiveCfg = Release|Any CPU
		{EF298CED-27E9-4647-93D6-883F4DCCC9EE}.CD_ROM|Any CPU.Build.0 = Release|Any CPU
		{EF298CED-27E9-4647-93D6-883F4DCCC9EE}.Debug|Any CPU.ActiveCfg = Debug|Any CPU
		{EF298CED-27E9-4647-93D6-883F4DCCC9EE}.Debug|Any CPU.Build.0 = Debug|Any CPU
		{EF298CED-27E9-4647-93D6-883F4DCCC9EE}.DVD-5|Any CPU.ActiveCfg = Debug|Any CPU
		{EF298CED-27E9-4647-93D6-883F4DCCC9EE}.DVD-5|Any CPU.Build.0 = Debug|Any CPU
		{EF298CED-27E9-4647-93D6-883F4DCCC9EE}.Release|Any CPU.ActiveCfg = Release|Any CPU
		{EF298CED-27E9-4647-93D6-883F4DCCC9EE}.Release|Any CPU.Build.0 = Release|Any CPU
		{EF298CED-27E9-4647-93D6-883F4DCCC9EE}.SingleImage|Any CPU.ActiveCfg = Release|Any CPU
		{EF298CED-27E9-4647-93D6-883F4DCCC9EE}.SingleImage|Any CPU.Build.0 = Release|Any CPU
		{3A658E63-1DBA-4CE0-9696-5A40E292A944}.CD_ROM|Any CPU.ActiveCfg = Release|Any CPU
		{3A658E63-1DBA-4CE0-9696-5A40E292A944}.CD_ROM|Any CPU.Build.0 = Release|Any CPU
		{3A658E63-1DBA-4CE0-9696-5A40E292A944}.Debug|Any CPU.ActiveCfg = Debug|Any CPU
		{3A658E63-1DBA-4CE0-9696-5A40E292A944}.Debug|Any CPU.Build.0 = Debug|Any CPU
		{3A658E63-1DBA-4CE0-9696-5A40E292A944}.DVD-5|Any CPU.ActiveCfg = Debug|Any CPU
		{3A658E63-1DBA-4CE0-9696-5A40E292A944}.DVD-5|Any CPU.Build.0 = Debug|Any CPU
		{3A658E63-1DBA-4CE0-9696-5A40E292A944}.Release|Any CPU.ActiveCfg = Release|Any CPU
		{3A658E63-1DBA-4CE0-9696-5A40E292A944}.Release|Any CPU.Build.0 = Release|Any CPU
		{3A658E63-1DBA-4CE0-9696-5A40E292A944}.SingleImage|Any CPU.ActiveCfg = Release|Any CPU
		{3A658E63-1DBA-4CE0-9696-5A40E292A944}.SingleImage|Any CPU.Build.0 = Release|Any CPU
		{63E0A405-18C8-44FA-A436-C7E0B3D2FA7A}.CD_ROM|Any CPU.ActiveCfg = Release|Any CPU
		{63E0A405-18C8-44FA-A436-C7E0B3D2FA7A}.CD_ROM|Any CPU.Build.0 = Release|Any CPU
		{63E0A405-18C8-44FA-A436-C7E0B3D2FA7A}.Debug|Any CPU.ActiveCfg = Debug|Any CPU
		{63E0A405-18C8-44FA-A436-C7E0B3D2FA7A}.Debug|Any CPU.Build.0 = Debug|Any CPU
		{63E0A405-18C8-44FA-A436-C7E0B3D2FA7A}.DVD-5|Any CPU.ActiveCfg = Debug|Any CPU
		{63E0A405-18C8-44FA-A436-C7E0B3D2FA7A}.DVD-5|Any CPU.Build.0 = Debug|Any CPU
		{63E0A405-18C8-44FA-A436-C7E0B3D2FA7A}.Release|Any CPU.ActiveCfg = Release|Any CPU
		{63E0A405-18C8-44FA-A436-C7E0B3D2FA7A}.Release|Any CPU.Build.0 = Release|Any CPU
		{63E0A405-18C8-44FA-A436-C7E0B3D2FA7A}.SingleImage|Any CPU.ActiveCfg = Release|Any CPU
		{63E0A405-18C8-44FA-A436-C7E0B3D2FA7A}.SingleImage|Any CPU.Build.0 = Release|Any CPU
		{6C138179-2C79-4535-9C3C-E78C529D3598}.CD_ROM|Any CPU.ActiveCfg = Release|Any CPU
		{6C138179-2C79-4535-9C3C-E78C529D3598}.CD_ROM|Any CPU.Build.0 = Release|Any CPU
		{6C138179-2C79-4535-9C3C-E78C529D3598}.Debug|Any CPU.ActiveCfg = Debug|Any CPU
		{6C138179-2C79-4535-9C3C-E78C529D3598}.Debug|Any CPU.Build.0 = Debug|Any CPU
		{6C138179-2C79-4535-9C3C-E78C529D3598}.DVD-5|Any CPU.ActiveCfg = Debug|Any CPU
		{6C138179-2C79-4535-9C3C-E78C529D3598}.DVD-5|Any CPU.Build.0 = Debug|Any CPU
		{6C138179-2C79-4535-9C3C-E78C529D3598}.Release|Any CPU.ActiveCfg = Release|Any CPU
		{6C138179-2C79-4535-9C3C-E78C529D3598}.Release|Any CPU.Build.0 = Release|Any CPU
		{6C138179-2C79-4535-9C3C-E78C529D3598}.SingleImage|Any CPU.ActiveCfg = Release|Any CPU
		{6C138179-2C79-4535-9C3C-E78C529D3598}.SingleImage|Any CPU.Build.0 = Release|Any CPU
		{F6E2FD5E-5581-4362-A072-FCE5099CCCC1}.CD_ROM|Any CPU.ActiveCfg = Release|Any CPU
		{F6E2FD5E-5581-4362-A072-FCE5099CCCC1}.CD_ROM|Any CPU.Build.0 = Release|Any CPU
		{F6E2FD5E-5581-4362-A072-FCE5099CCCC1}.Debug|Any CPU.ActiveCfg = Debug|Any CPU
		{F6E2FD5E-5581-4362-A072-FCE5099CCCC1}.Debug|Any CPU.Build.0 = Debug|Any CPU
		{F6E2FD5E-5581-4362-A072-FCE5099CCCC1}.DVD-5|Any CPU.ActiveCfg = Debug|Any CPU
		{F6E2FD5E-5581-4362-A072-FCE5099CCCC1}.DVD-5|Any CPU.Build.0 = Debug|Any CPU
		{F6E2FD5E-5581-4362-A072-FCE5099CCCC1}.Release|Any CPU.ActiveCfg = Release|Any CPU
		{F6E2FD5E-5581-4362-A072-FCE5099CCCC1}.Release|Any CPU.Build.0 = Release|Any CPU
		{F6E2FD5E-5581-4362-A072-FCE5099CCCC1}.SingleImage|Any CPU.ActiveCfg = Release|Any CPU
		{F6E2FD5E-5581-4362-A072-FCE5099CCCC1}.SingleImage|Any CPU.Build.0 = Release|Any CPU
		{E92DD62D-5BF4-4968-A03C-869127AB5860}.CD_ROM|Any CPU.ActiveCfg = Release|Any CPU
		{E92DD62D-5BF4-4968-A03C-869127AB5860}.CD_ROM|Any CPU.Build.0 = Release|Any CPU
		{E92DD62D-5BF4-4968-A03C-869127AB5860}.Debug|Any CPU.ActiveCfg = Debug|Any CPU
		{E92DD62D-5BF4-4968-A03C-869127AB5860}.Debug|Any CPU.Build.0 = Debug|Any CPU
		{E92DD62D-5BF4-4968-A03C-869127AB5860}.DVD-5|Any CPU.ActiveCfg = Debug|Any CPU
		{E92DD62D-5BF4-4968-A03C-869127AB5860}.DVD-5|Any CPU.Build.0 = Debug|Any CPU
		{E92DD62D-5BF4-4968-A03C-869127AB5860}.Release|Any CPU.ActiveCfg = Release|Any CPU
		{E92DD62D-5BF4-4968-A03C-869127AB5860}.Release|Any CPU.Build.0 = Release|Any CPU
		{E92DD62D-5BF4-4968-A03C-869127AB5860}.SingleImage|Any CPU.ActiveCfg = Release|Any CPU
		{E92DD62D-5BF4-4968-A03C-869127AB5860}.SingleImage|Any CPU.Build.0 = Release|Any CPU
		{9C776ABF-BCDA-4A4E-B14E-CF35510C5CA2}.CD_ROM|Any CPU.ActiveCfg = Release|Any CPU
		{9C776ABF-BCDA-4A4E-B14E-CF35510C5CA2}.CD_ROM|Any CPU.Build.0 = Release|Any CPU
		{9C776ABF-BCDA-4A4E-B14E-CF35510C5CA2}.Debug|Any CPU.ActiveCfg = Debug|Any CPU
		{9C776ABF-BCDA-4A4E-B14E-CF35510C5CA2}.Debug|Any CPU.Build.0 = Debug|Any CPU
		{9C776ABF-BCDA-4A4E-B14E-CF35510C5CA2}.DVD-5|Any CPU.ActiveCfg = Debug|Any CPU
		{9C776ABF-BCDA-4A4E-B14E-CF35510C5CA2}.DVD-5|Any CPU.Build.0 = Debug|Any CPU
		{9C776ABF-BCDA-4A4E-B14E-CF35510C5CA2}.Release|Any CPU.ActiveCfg = Release|Any CPU
		{9C776ABF-BCDA-4A4E-B14E-CF35510C5CA2}.Release|Any CPU.Build.0 = Release|Any CPU
		{9C776ABF-BCDA-4A4E-B14E-CF35510C5CA2}.SingleImage|Any CPU.ActiveCfg = Release|Any CPU
		{9C776ABF-BCDA-4A4E-B14E-CF35510C5CA2}.SingleImage|Any CPU.Build.0 = Release|Any CPU
		{B27B639D-7237-466D-A5A8-C9B126485A21}.CD_ROM|Any CPU.ActiveCfg = Release|Any CPU
		{B27B639D-7237-466D-A5A8-C9B126485A21}.CD_ROM|Any CPU.Build.0 = Release|Any CPU
		{B27B639D-7237-466D-A5A8-C9B126485A21}.Debug|Any CPU.ActiveCfg = Debug|Any CPU
		{B27B639D-7237-466D-A5A8-C9B126485A21}.Debug|Any CPU.Build.0 = Debug|Any CPU
		{B27B639D-7237-466D-A5A8-C9B126485A21}.DVD-5|Any CPU.ActiveCfg = Debug|Any CPU
		{B27B639D-7237-466D-A5A8-C9B126485A21}.DVD-5|Any CPU.Build.0 = Debug|Any CPU
		{B27B639D-7237-466D-A5A8-C9B126485A21}.Release|Any CPU.ActiveCfg = Release|Any CPU
		{B27B639D-7237-466D-A5A8-C9B126485A21}.Release|Any CPU.Build.0 = Release|Any CPU
		{B27B639D-7237-466D-A5A8-C9B126485A21}.SingleImage|Any CPU.ActiveCfg = Release|Any CPU
		{B27B639D-7237-466D-A5A8-C9B126485A21}.SingleImage|Any CPU.Build.0 = Release|Any CPU
		{8C718C6C-DD19-43C8-AA18-4FE453D9C6A2}.CD_ROM|Any CPU.ActiveCfg = Release|Any CPU
		{8C718C6C-DD19-43C8-AA18-4FE453D9C6A2}.CD_ROM|Any CPU.Build.0 = Release|Any CPU
		{8C718C6C-DD19-43C8-AA18-4FE453D9C6A2}.Debug|Any CPU.ActiveCfg = Debug|Any CPU
		{8C718C6C-DD19-43C8-AA18-4FE453D9C6A2}.Debug|Any CPU.Build.0 = Debug|Any CPU
		{8C718C6C-DD19-43C8-AA18-4FE453D9C6A2}.DVD-5|Any CPU.ActiveCfg = Debug|Any CPU
		{8C718C6C-DD19-43C8-AA18-4FE453D9C6A2}.DVD-5|Any CPU.Build.0 = Debug|Any CPU
		{8C718C6C-DD19-43C8-AA18-4FE453D9C6A2}.Release|Any CPU.ActiveCfg = Release|Any CPU
		{8C718C6C-DD19-43C8-AA18-4FE453D9C6A2}.Release|Any CPU.Build.0 = Release|Any CPU
		{8C718C6C-DD19-43C8-AA18-4FE453D9C6A2}.SingleImage|Any CPU.ActiveCfg = Release|Any CPU
		{8C718C6C-DD19-43C8-AA18-4FE453D9C6A2}.SingleImage|Any CPU.Build.0 = Release|Any CPU
		{D366257C-5ED0-425E-9EF3-125A2CEC5AFD}.CD_ROM|Any CPU.ActiveCfg = Release|Any CPU
		{D366257C-5ED0-425E-9EF3-125A2CEC5AFD}.CD_ROM|Any CPU.Build.0 = Release|Any CPU
		{D366257C-5ED0-425E-9EF3-125A2CEC5AFD}.Debug|Any CPU.ActiveCfg = Debug|Any CPU
		{D366257C-5ED0-425E-9EF3-125A2CEC5AFD}.Debug|Any CPU.Build.0 = Debug|Any CPU
		{D366257C-5ED0-425E-9EF3-125A2CEC5AFD}.DVD-5|Any CPU.ActiveCfg = Debug|Any CPU
		{D366257C-5ED0-425E-9EF3-125A2CEC5AFD}.DVD-5|Any CPU.Build.0 = Debug|Any CPU
		{D366257C-5ED0-425E-9EF3-125A2CEC5AFD}.Release|Any CPU.ActiveCfg = Release|Any CPU
		{D366257C-5ED0-425E-9EF3-125A2CEC5AFD}.Release|Any CPU.Build.0 = Release|Any CPU
		{D366257C-5ED0-425E-9EF3-125A2CEC5AFD}.SingleImage|Any CPU.ActiveCfg = Release|Any CPU
		{D366257C-5ED0-425E-9EF3-125A2CEC5AFD}.SingleImage|Any CPU.Build.0 = Release|Any CPU
		{3E7AF44F-8443-4DDF-A196-F6EE90883898}.CD_ROM|Any CPU.ActiveCfg = Release|Any CPU
		{3E7AF44F-8443-4DDF-A196-F6EE90883898}.CD_ROM|Any CPU.Build.0 = Release|Any CPU
		{3E7AF44F-8443-4DDF-A196-F6EE90883898}.Debug|Any CPU.ActiveCfg = Debug|Any CPU
		{3E7AF44F-8443-4DDF-A196-F6EE90883898}.Debug|Any CPU.Build.0 = Debug|Any CPU
		{3E7AF44F-8443-4DDF-A196-F6EE90883898}.DVD-5|Any CPU.ActiveCfg = Debug|Any CPU
		{3E7AF44F-8443-4DDF-A196-F6EE90883898}.DVD-5|Any CPU.Build.0 = Debug|Any CPU
		{3E7AF44F-8443-4DDF-A196-F6EE90883898}.Release|Any CPU.ActiveCfg = Release|Any CPU
		{3E7AF44F-8443-4DDF-A196-F6EE90883898}.Release|Any CPU.Build.0 = Release|Any CPU
		{3E7AF44F-8443-4DDF-A196-F6EE90883898}.SingleImage|Any CPU.ActiveCfg = Release|Any CPU
		{3E7AF44F-8443-4DDF-A196-F6EE90883898}.SingleImage|Any CPU.Build.0 = Release|Any CPU
		{629160D8-8A40-4515-A5D8-9C20024FC0E2}.CD_ROM|Any CPU.ActiveCfg = Release|Any CPU
		{629160D8-8A40-4515-A5D8-9C20024FC0E2}.CD_ROM|Any CPU.Build.0 = Release|Any CPU
		{629160D8-8A40-4515-A5D8-9C20024FC0E2}.Debug|Any CPU.ActiveCfg = Debug|Any CPU
		{629160D8-8A40-4515-A5D8-9C20024FC0E2}.Debug|Any CPU.Build.0 = Debug|Any CPU
		{629160D8-8A40-4515-A5D8-9C20024FC0E2}.DVD-5|Any CPU.ActiveCfg = Debug|Any CPU
		{629160D8-8A40-4515-A5D8-9C20024FC0E2}.DVD-5|Any CPU.Build.0 = Debug|Any CPU
		{629160D8-8A40-4515-A5D8-9C20024FC0E2}.Release|Any CPU.ActiveCfg = Release|Any CPU
		{629160D8-8A40-4515-A5D8-9C20024FC0E2}.Release|Any CPU.Build.0 = Release|Any CPU
		{629160D8-8A40-4515-A5D8-9C20024FC0E2}.SingleImage|Any CPU.ActiveCfg = Release|Any CPU
		{629160D8-8A40-4515-A5D8-9C20024FC0E2}.SingleImage|Any CPU.Build.0 = Release|Any CPU
		{BECAF421-BC5C-434B-9A2A-049896927118}.CD_ROM|Any CPU.ActiveCfg = Release|Any CPU
		{BECAF421-BC5C-434B-9A2A-049896927118}.CD_ROM|Any CPU.Build.0 = Release|Any CPU
		{BECAF421-BC5C-434B-9A2A-049896927118}.Debug|Any CPU.ActiveCfg = Debug|Any CPU
		{BECAF421-BC5C-434B-9A2A-049896927118}.Debug|Any CPU.Build.0 = Debug|Any CPU
		{BECAF421-BC5C-434B-9A2A-049896927118}.DVD-5|Any CPU.ActiveCfg = Debug|Any CPU
		{BECAF421-BC5C-434B-9A2A-049896927118}.DVD-5|Any CPU.Build.0 = Debug|Any CPU
		{BECAF421-BC5C-434B-9A2A-049896927118}.Release|Any CPU.ActiveCfg = Release|Any CPU
		{BECAF421-BC5C-434B-9A2A-049896927118}.Release|Any CPU.Build.0 = Release|Any CPU
		{BECAF421-BC5C-434B-9A2A-049896927118}.SingleImage|Any CPU.ActiveCfg = Release|Any CPU
		{BECAF421-BC5C-434B-9A2A-049896927118}.SingleImage|Any CPU.Build.0 = Release|Any CPU
		{8FA15D31-FFF9-4063-89C8-2886FA032582}.CD_ROM|Any CPU.ActiveCfg = Release|Any CPU
		{8FA15D31-FFF9-4063-89C8-2886FA032582}.CD_ROM|Any CPU.Build.0 = Release|Any CPU
		{8FA15D31-FFF9-4063-89C8-2886FA032582}.Debug|Any CPU.ActiveCfg = Debug|Any CPU
		{8FA15D31-FFF9-4063-89C8-2886FA032582}.Debug|Any CPU.Build.0 = Debug|Any CPU
		{8FA15D31-FFF9-4063-89C8-2886FA032582}.DVD-5|Any CPU.ActiveCfg = Debug|Any CPU
		{8FA15D31-FFF9-4063-89C8-2886FA032582}.DVD-5|Any CPU.Build.0 = Debug|Any CPU
		{8FA15D31-FFF9-4063-89C8-2886FA032582}.Release|Any CPU.ActiveCfg = Release|Any CPU
		{8FA15D31-FFF9-4063-89C8-2886FA032582}.Release|Any CPU.Build.0 = Release|Any CPU
		{8FA15D31-FFF9-4063-89C8-2886FA032582}.SingleImage|Any CPU.ActiveCfg = Release|Any CPU
		{8FA15D31-FFF9-4063-89C8-2886FA032582}.SingleImage|Any CPU.Build.0 = Release|Any CPU
		{EA02E402-18CC-40F4-81A2-4007935F4C67}.CD_ROM|Any CPU.ActiveCfg = Release|Any CPU
		{EA02E402-18CC-40F4-81A2-4007935F4C67}.CD_ROM|Any CPU.Build.0 = Release|Any CPU
		{EA02E402-18CC-40F4-81A2-4007935F4C67}.Debug|Any CPU.ActiveCfg = Debug|Any CPU
		{EA02E402-18CC-40F4-81A2-4007935F4C67}.Debug|Any CPU.Build.0 = Debug|Any CPU
		{EA02E402-18CC-40F4-81A2-4007935F4C67}.DVD-5|Any CPU.ActiveCfg = Debug|Any CPU
		{EA02E402-18CC-40F4-81A2-4007935F4C67}.DVD-5|Any CPU.Build.0 = Debug|Any CPU
		{EA02E402-18CC-40F4-81A2-4007935F4C67}.Release|Any CPU.ActiveCfg = Release|Any CPU
		{EA02E402-18CC-40F4-81A2-4007935F4C67}.Release|Any CPU.Build.0 = Release|Any CPU
		{EA02E402-18CC-40F4-81A2-4007935F4C67}.SingleImage|Any CPU.ActiveCfg = Release|Any CPU
		{EA02E402-18CC-40F4-81A2-4007935F4C67}.SingleImage|Any CPU.Build.0 = Release|Any CPU
		{EA56BE52-7FDC-4578-B856-0A5418751661}.CD_ROM|Any CPU.ActiveCfg = Release|Any CPU
		{EA56BE52-7FDC-4578-B856-0A5418751661}.CD_ROM|Any CPU.Build.0 = Release|Any CPU
		{EA56BE52-7FDC-4578-B856-0A5418751661}.Debug|Any CPU.ActiveCfg = Debug|Any CPU
		{EA56BE52-7FDC-4578-B856-0A5418751661}.Debug|Any CPU.Build.0 = Debug|Any CPU
		{EA56BE52-7FDC-4578-B856-0A5418751661}.DVD-5|Any CPU.ActiveCfg = Debug|Any CPU
		{EA56BE52-7FDC-4578-B856-0A5418751661}.DVD-5|Any CPU.Build.0 = Debug|Any CPU
		{EA56BE52-7FDC-4578-B856-0A5418751661}.Release|Any CPU.ActiveCfg = Release|Any CPU
		{EA56BE52-7FDC-4578-B856-0A5418751661}.Release|Any CPU.Build.0 = Release|Any CPU
		{EA56BE52-7FDC-4578-B856-0A5418751661}.SingleImage|Any CPU.ActiveCfg = Release|Any CPU
		{EA56BE52-7FDC-4578-B856-0A5418751661}.SingleImage|Any CPU.Build.0 = Release|Any CPU
		{07B054E3-2FCC-4927-9E61-993983D02EDF}.CD_ROM|Any CPU.ActiveCfg = Release|Any CPU
		{07B054E3-2FCC-4927-9E61-993983D02EDF}.CD_ROM|Any CPU.Build.0 = Release|Any CPU
		{07B054E3-2FCC-4927-9E61-993983D02EDF}.Debug|Any CPU.ActiveCfg = Debug|Any CPU
		{07B054E3-2FCC-4927-9E61-993983D02EDF}.Debug|Any CPU.Build.0 = Debug|Any CPU
		{07B054E3-2FCC-4927-9E61-993983D02EDF}.DVD-5|Any CPU.ActiveCfg = Debug|Any CPU
		{07B054E3-2FCC-4927-9E61-993983D02EDF}.DVD-5|Any CPU.Build.0 = Debug|Any CPU
		{07B054E3-2FCC-4927-9E61-993983D02EDF}.Release|Any CPU.ActiveCfg = Release|Any CPU
		{07B054E3-2FCC-4927-9E61-993983D02EDF}.Release|Any CPU.Build.0 = Release|Any CPU
		{07B054E3-2FCC-4927-9E61-993983D02EDF}.SingleImage|Any CPU.ActiveCfg = Release|Any CPU
		{07B054E3-2FCC-4927-9E61-993983D02EDF}.SingleImage|Any CPU.Build.0 = Release|Any CPU
		{8D4B32BE-E2BC-42AB-8715-A6B73F2956E6}.CD_ROM|Any CPU.ActiveCfg = Release|Any CPU
		{8D4B32BE-E2BC-42AB-8715-A6B73F2956E6}.CD_ROM|Any CPU.Build.0 = Release|Any CPU
		{8D4B32BE-E2BC-42AB-8715-A6B73F2956E6}.Debug|Any CPU.ActiveCfg = Debug|Any CPU
		{8D4B32BE-E2BC-42AB-8715-A6B73F2956E6}.Debug|Any CPU.Build.0 = Debug|Any CPU
		{8D4B32BE-E2BC-42AB-8715-A6B73F2956E6}.DVD-5|Any CPU.ActiveCfg = Debug|Any CPU
		{8D4B32BE-E2BC-42AB-8715-A6B73F2956E6}.DVD-5|Any CPU.Build.0 = Debug|Any CPU
		{8D4B32BE-E2BC-42AB-8715-A6B73F2956E6}.Release|Any CPU.ActiveCfg = Release|Any CPU
		{8D4B32BE-E2BC-42AB-8715-A6B73F2956E6}.Release|Any CPU.Build.0 = Release|Any CPU
		{8D4B32BE-E2BC-42AB-8715-A6B73F2956E6}.SingleImage|Any CPU.ActiveCfg = Release|Any CPU
		{8D4B32BE-E2BC-42AB-8715-A6B73F2956E6}.SingleImage|Any CPU.Build.0 = Release|Any CPU
		{CCFC8E30-5A35-4451-BBC5-6FAC96016BF6}.CD_ROM|Any CPU.ActiveCfg = Release|Any CPU
		{CCFC8E30-5A35-4451-BBC5-6FAC96016BF6}.CD_ROM|Any CPU.Build.0 = Release|Any CPU
		{CCFC8E30-5A35-4451-BBC5-6FAC96016BF6}.Debug|Any CPU.ActiveCfg = Debug|Any CPU
		{CCFC8E30-5A35-4451-BBC5-6FAC96016BF6}.Debug|Any CPU.Build.0 = Debug|Any CPU
		{CCFC8E30-5A35-4451-BBC5-6FAC96016BF6}.DVD-5|Any CPU.ActiveCfg = Debug|Any CPU
		{CCFC8E30-5A35-4451-BBC5-6FAC96016BF6}.DVD-5|Any CPU.Build.0 = Debug|Any CPU
		{CCFC8E30-5A35-4451-BBC5-6FAC96016BF6}.Release|Any CPU.ActiveCfg = Release|Any CPU
		{CCFC8E30-5A35-4451-BBC5-6FAC96016BF6}.Release|Any CPU.Build.0 = Release|Any CPU
		{CCFC8E30-5A35-4451-BBC5-6FAC96016BF6}.SingleImage|Any CPU.ActiveCfg = Release|Any CPU
		{CCFC8E30-5A35-4451-BBC5-6FAC96016BF6}.SingleImage|Any CPU.Build.0 = Release|Any CPU
		{2F94ADAC-04C1-45FF-A598-8F253CE14C5F}.CD_ROM|Any CPU.ActiveCfg = Release|Any CPU
		{2F94ADAC-04C1-45FF-A598-8F253CE14C5F}.CD_ROM|Any CPU.Build.0 = Release|Any CPU
		{2F94ADAC-04C1-45FF-A598-8F253CE14C5F}.Debug|Any CPU.ActiveCfg = Debug|Any CPU
		{2F94ADAC-04C1-45FF-A598-8F253CE14C5F}.Debug|Any CPU.Build.0 = Debug|Any CPU
		{2F94ADAC-04C1-45FF-A598-8F253CE14C5F}.DVD-5|Any CPU.ActiveCfg = Debug|Any CPU
		{2F94ADAC-04C1-45FF-A598-8F253CE14C5F}.DVD-5|Any CPU.Build.0 = Debug|Any CPU
		{2F94ADAC-04C1-45FF-A598-8F253CE14C5F}.Release|Any CPU.ActiveCfg = Release|Any CPU
		{2F94ADAC-04C1-45FF-A598-8F253CE14C5F}.Release|Any CPU.Build.0 = Release|Any CPU
		{2F94ADAC-04C1-45FF-A598-8F253CE14C5F}.SingleImage|Any CPU.ActiveCfg = Release|Any CPU
		{2F94ADAC-04C1-45FF-A598-8F253CE14C5F}.SingleImage|Any CPU.Build.0 = Release|Any CPU
		{937C9439-CC70-40D2-96F5-D9AD99C51181}.CD_ROM|Any CPU.ActiveCfg = Release|Any CPU
		{937C9439-CC70-40D2-96F5-D9AD99C51181}.CD_ROM|Any CPU.Build.0 = Release|Any CPU
		{937C9439-CC70-40D2-96F5-D9AD99C51181}.Debug|Any CPU.ActiveCfg = Debug|Any CPU
		{937C9439-CC70-40D2-96F5-D9AD99C51181}.Debug|Any CPU.Build.0 = Debug|Any CPU
		{937C9439-CC70-40D2-96F5-D9AD99C51181}.DVD-5|Any CPU.ActiveCfg = Debug|Any CPU
		{937C9439-CC70-40D2-96F5-D9AD99C51181}.DVD-5|Any CPU.Build.0 = Debug|Any CPU
		{937C9439-CC70-40D2-96F5-D9AD99C51181}.Release|Any CPU.ActiveCfg = Release|Any CPU
		{937C9439-CC70-40D2-96F5-D9AD99C51181}.Release|Any CPU.Build.0 = Release|Any CPU
		{937C9439-CC70-40D2-96F5-D9AD99C51181}.SingleImage|Any CPU.ActiveCfg = Release|Any CPU
		{937C9439-CC70-40D2-96F5-D9AD99C51181}.SingleImage|Any CPU.Build.0 = Release|Any CPU
		{048F4C37-AD90-403F-A9A1-64D0789983C5}.CD_ROM|Any CPU.ActiveCfg = Release|Any CPU
		{048F4C37-AD90-403F-A9A1-64D0789983C5}.CD_ROM|Any CPU.Build.0 = Release|Any CPU
		{048F4C37-AD90-403F-A9A1-64D0789983C5}.Debug|Any CPU.ActiveCfg = Debug|Any CPU
		{048F4C37-AD90-403F-A9A1-64D0789983C5}.Debug|Any CPU.Build.0 = Debug|Any CPU
		{048F4C37-AD90-403F-A9A1-64D0789983C5}.DVD-5|Any CPU.ActiveCfg = Debug|Any CPU
		{048F4C37-AD90-403F-A9A1-64D0789983C5}.DVD-5|Any CPU.Build.0 = Debug|Any CPU
		{048F4C37-AD90-403F-A9A1-64D0789983C5}.Release|Any CPU.ActiveCfg = Release|Any CPU
		{048F4C37-AD90-403F-A9A1-64D0789983C5}.Release|Any CPU.Build.0 = Release|Any CPU
		{048F4C37-AD90-403F-A9A1-64D0789983C5}.SingleImage|Any CPU.ActiveCfg = Release|Any CPU
		{048F4C37-AD90-403F-A9A1-64D0789983C5}.SingleImage|Any CPU.Build.0 = Release|Any CPU
	EndGlobalSection
	GlobalSection(SolutionProperties) = preSolution
		HideSolutionNode = FALSE
	EndGlobalSection
	GlobalSection(NestedProjects) = preSolution
		{7FC21FF5-7808-49FE-BB3B-7B85CD911681} = {953A4A84-9E4C-43AD-9478-06F141048C96}
		{178FDD5C-D3E5-4809-87C6-3A69C0055BC6} = {5595A2BC-2D23-4775-A70C-CDD915E9F9CF}
		{E92DD62D-5BF4-4968-A03C-869127AB5860} = {5595A2BC-2D23-4775-A70C-CDD915E9F9CF}
		{3E7AF44F-8443-4DDF-A196-F6EE90883898} = {5595A2BC-2D23-4775-A70C-CDD915E9F9CF}
		{6C138179-2C79-4535-9C3C-E78C529D3598} = {EA5F59AE-FD74-4402-A01B-F6B9BDC036FC}
		{EF298CED-27E9-4647-93D6-883F4DCCC9EE} = {2AF39EF2-5B74-4912-B440-FFF641FCE62E}
		{B27B639D-7237-466D-A5A8-C9B126485A21} = {2AF39EF2-5B74-4912-B440-FFF641FCE62E}
		{EA56BE52-7FDC-4578-B856-0A5418751661} = {2AF39EF2-5B74-4912-B440-FFF641FCE62E}
		{2F94ADAC-04C1-45FF-A598-8F253CE14C5F} = {2AF39EF2-5B74-4912-B440-FFF641FCE62E}
		{63E0A405-18C8-44FA-A436-C7E0B3D2FA7A} = {E2DA3F5E-A27F-475C-B8C4-D17394BF359A}
		{D366257C-5ED0-425E-9EF3-125A2CEC5AFD} = {E2DA3F5E-A27F-475C-B8C4-D17394BF359A}
		{CCFC8E30-5A35-4451-BBC5-6FAC96016BF6} = {E2DA3F5E-A27F-475C-B8C4-D17394BF359A}
		{937C9439-CC70-40D2-96F5-D9AD99C51181} = {E2DA3F5E-A27F-475C-B8C4-D17394BF359A}
		{3A658E63-1DBA-4CE0-9696-5A40E292A944} = {7FC21FF5-7808-49FE-BB3B-7B85CD911681}
		{F6E2FD5E-5581-4362-A072-FCE5099CCCC1} = {7FC21FF5-7808-49FE-BB3B-7B85CD911681}
		{629160D8-8A40-4515-A5D8-9C20024FC0E2} = {7FC21FF5-7808-49FE-BB3B-7B85CD911681}
		{EA02E402-18CC-40F4-81A2-4007935F4C67} = {7FC21FF5-7808-49FE-BB3B-7B85CD911681}
		{8D4B32BE-E2BC-42AB-8715-A6B73F2956E6} = {7FC21FF5-7808-49FE-BB3B-7B85CD911681}
		{048F4C37-AD90-403F-A9A1-64D0789983C5} = {7FC21FF5-7808-49FE-BB3B-7B85CD911681}
		{DEC0FCF6-6249-4DAA-937D-94CE4F0EF2BF} = {7C07B7A9-117F-4C58-94B3-8B961F1D817D}
		{1E8D5EDE-1219-476B-8A2F-32F3ED8692B6} = {7C07B7A9-117F-4C58-94B3-8B961F1D817D}
		{9C776ABF-BCDA-4A4E-B14E-CF35510C5CA2} = {DEC0FCF6-6249-4DAA-937D-94CE4F0EF2BF}
		{8C718C6C-DD19-43C8-AA18-4FE453D9C6A2} = {1E8D5EDE-1219-476B-8A2F-32F3ED8692B6}
		{BECAF421-BC5C-434B-9A2A-049896927118} = {65DC3BDC-E5FE-46E2-A9EF-7CF315FC52CD}
		{8FA15D31-FFF9-4063-89C8-2886FA032582} = {DB495CC8-7950-4067-B0F4-FF76527A7325}
		{07B054E3-2FCC-4927-9E61-993983D02EDF} = {DB495CC8-7950-4067-B0F4-FF76527A7325}
	EndGlobalSection
EndGlobal
