
Microsoft Visual Studio Solution File, Format Version 12.00
# Visual Studio 2012
Project("{2150E333-8FDC-42A3-9474-1A3956D46DE8}") = "View", "View", "{953A4A84-9E4C-43AD-9478-06F141048C96}"
EndProject
Project("{2150E333-8FDC-42A3-9474-1A3956D46DE8}") = "Comum", "Comum", "{5595A2BC-2D23-4775-A70C-CDD915E9F9CF}"
EndProject
Project("{FAE04EC0-301F-11D3-BF4B-00C04F79EFBC}") = "HLP.Comum.Infrastructure", "Comum\HLP.Comum.Infrastructure\HLP.Comum.Infrastructure.csproj", "{CD60F2D5-6E51-417A-B50E-C4EB01EB7565}"
EndProject
Project("{2150E333-8FDC-42A3-9474-1A3956D46DE8}") = "Dependencies", "Dependencies", "{EA5F59AE-FD74-4402-A01B-F6B9BDC036FC}"
EndProject
Project("{2150E333-8FDC-42A3-9474-1A3956D46DE8}") = "Models", "Models", "{2AF39EF2-5B74-4912-B440-FFF641FCE62E}"
EndProject
Project("{2150E333-8FDC-42A3-9474-1A3956D46DE8}") = "ViewModel", "ViewModel", "{E2DA3F5E-A27F-475C-B8C4-D17394BF359A}"
EndProject
Project("{2150E333-8FDC-42A3-9474-1A3956D46DE8}") = "wpf", "wpf", "{7FC21FF5-7808-49FE-BB3B-7B85CD911681}"
EndProject
Project("{FAE04EC0-301F-11D3-BF4B-00C04F79EFBC}") = "HLP.Comum.Model", "Comum\HLP.Comum.Model\HLP.Comum.Model.csproj", "{3AC30EA1-2DD2-48E6-888D-B79A10935AA4}"
EndProject
Project("{FAE04EC0-301F-11D3-BF4B-00C04F79EFBC}") = "HLP.Comum.View", "Comum\HLP.Comum.View\HLP.Comum.View.csproj", "{178FDD5C-D3E5-4809-87C6-3A69C0055BC6}"
EndProject
Project("{FAE04EC0-301F-11D3-BF4B-00C04F79EFBC}") = "HLP.Comum.ViewModel", "Comum\HLP.Comum.ViewModel\HLP.Comum.ViewModel.csproj", "{AEA2620F-8E97-4A2B-A5B9-BF9C3D79C5E4}"
EndProject
Project("{FAE04EC0-301F-11D3-BF4B-00C04F79EFBC}") = "HLP.Entries.Model", "Model\HLP.Entries.Model\HLP.Entries.Model.csproj", "{EF298CED-27E9-4647-93D6-883F4DCCC9EE}"
EndProject
Project("{FAE04EC0-301F-11D3-BF4B-00C04F79EFBC}") = "HLP.Magnificus.View.WPF", "View\WPF\HLP.Magnificus.View.WPF\HLP.Magnificus.View.WPF.csproj", "{3A658E63-1DBA-4CE0-9696-5A40E292A944}"
EndProject
Project("{FAE04EC0-301F-11D3-BF4B-00C04F79EFBC}") = "HLP.Entries.ViewModel", "ViewModel\HLP.Entries.ViewModel\HLP.Entries.ViewModel.csproj", "{63E0A405-18C8-44FA-A436-C7E0B3D2FA7A}"
EndProject
Project("{FAE04EC0-301F-11D3-BF4B-00C04F79EFBC}") = "HLP.Dependencies", "Dependencies\HLP.Dependencies\HLP.Dependencies.csproj", "{6C138179-2C79-4535-9C3C-E78C529D3598}"
EndProject
Project("{FAE04EC0-301F-11D3-BF4B-00C04F79EFBC}") = "HLP.Comum.Modules", "Comum\HLP.Comum.Modules\HLP.Comum.Modules.csproj", "{6821D0A7-276D-462D-9ADA-F2E0ABBDA3F2}"
EndProject
Project("{FAE04EC0-301F-11D3-BF4B-00C04F79EFBC}") = "HLP.Entries.View.WPF", "View\WPF\HLP.Entries.View.WPF\HLP.Entries.View.WPF.csproj", "{F6E2FD5E-5581-4362-A072-FCE5099CCCC1}"
EndProject
Project("{FAE04EC0-301F-11D3-BF4B-00C04F79EFBC}") = "HLP.Comum.Resources", "Comum\HLP.Comum.Resources\HLP.Comum.Resources.csproj", "{E92DD62D-5BF4-4968-A03C-869127AB5860}"
EndProject
Project("{2150E333-8FDC-42A3-9474-1A3956D46DE8}") = "Silverlight", "Silverlight", "{169127D2-1424-46A9-9F8C-8349C91C2B80}"
EndProject
Project("{FAE04EC0-301F-11D3-BF4B-00C04F79EFBC}") = "HLP.Entries.View.Silverlight", "View\Silverlight\HLP.Entries.View.Silverlight\HLP.Entries.View.Silverlight.csproj", "{4B6ED3E5-2D5B-4DA3-B172-CAB8E77D7BDD}"
EndProject
Project("{FAE04EC0-301F-11D3-BF4B-00C04F79EFBC}") = "HLP.Entries.View.Silverlight.Web", "View\Silverlight\HLP.Entries.View.Silverlight.Web\HLP.Entries.View.Silverlight.Web.csproj", "{CC64AE92-BA38-4256-8828-0F922194BA06}"
EndProject
Global
	GlobalSection(SolutionConfigurationPlatforms) = preSolution
		Debug|Any CPU = Debug|Any CPU
		Release|Any CPU = Release|Any CPU
	EndGlobalSection
	GlobalSection(ProjectConfigurationPlatforms) = postSolution
		{CD60F2D5-6E51-417A-B50E-C4EB01EB7565}.Debug|Any CPU.ActiveCfg = Debug|Any CPU
		{CD60F2D5-6E51-417A-B50E-C4EB01EB7565}.Debug|Any CPU.Build.0 = Debug|Any CPU
		{CD60F2D5-6E51-417A-B50E-C4EB01EB7565}.Release|Any CPU.ActiveCfg = Release|Any CPU
		{CD60F2D5-6E51-417A-B50E-C4EB01EB7565}.Release|Any CPU.Build.0 = Release|Any CPU
		{3AC30EA1-2DD2-48E6-888D-B79A10935AA4}.Debug|Any CPU.ActiveCfg = Debug|Any CPU
		{3AC30EA1-2DD2-48E6-888D-B79A10935AA4}.Debug|Any CPU.Build.0 = Debug|Any CPU
		{3AC30EA1-2DD2-48E6-888D-B79A10935AA4}.Release|Any CPU.ActiveCfg = Release|Any CPU
		{3AC30EA1-2DD2-48E6-888D-B79A10935AA4}.Release|Any CPU.Build.0 = Release|Any CPU
		{178FDD5C-D3E5-4809-87C6-3A69C0055BC6}.Debug|Any CPU.ActiveCfg = Debug|Any CPU
		{178FDD5C-D3E5-4809-87C6-3A69C0055BC6}.Debug|Any CPU.Build.0 = Debug|Any CPU
		{178FDD5C-D3E5-4809-87C6-3A69C0055BC6}.Release|Any CPU.ActiveCfg = Release|Any CPU
		{178FDD5C-D3E5-4809-87C6-3A69C0055BC6}.Release|Any CPU.Build.0 = Release|Any CPU
		{AEA2620F-8E97-4A2B-A5B9-BF9C3D79C5E4}.Debug|Any CPU.ActiveCfg = Debug|Any CPU
		{AEA2620F-8E97-4A2B-A5B9-BF9C3D79C5E4}.Debug|Any CPU.Build.0 = Debug|Any CPU
		{AEA2620F-8E97-4A2B-A5B9-BF9C3D79C5E4}.Release|Any CPU.ActiveCfg = Release|Any CPU
		{AEA2620F-8E97-4A2B-A5B9-BF9C3D79C5E4}.Release|Any CPU.Build.0 = Release|Any CPU
		{EF298CED-27E9-4647-93D6-883F4DCCC9EE}.Debug|Any CPU.ActiveCfg = Debug|Any CPU
		{EF298CED-27E9-4647-93D6-883F4DCCC9EE}.Debug|Any CPU.Build.0 = Debug|Any CPU
		{EF298CED-27E9-4647-93D6-883F4DCCC9EE}.Release|Any CPU.ActiveCfg = Release|Any CPU
		{EF298CED-27E9-4647-93D6-883F4DCCC9EE}.Release|Any CPU.Build.0 = Release|Any CPU
		{3A658E63-1DBA-4CE0-9696-5A40E292A944}.Debug|Any CPU.ActiveCfg = Debug|Any CPU
		{3A658E63-1DBA-4CE0-9696-5A40E292A944}.Debug|Any CPU.Build.0 = Debug|Any CPU
		{3A658E63-1DBA-4CE0-9696-5A40E292A944}.Release|Any CPU.ActiveCfg = Release|Any CPU
		{3A658E63-1DBA-4CE0-9696-5A40E292A944}.Release|Any CPU.Build.0 = Release|Any CPU
		{63E0A405-18C8-44FA-A436-C7E0B3D2FA7A}.Debug|Any CPU.ActiveCfg = Debug|Any CPU
		{63E0A405-18C8-44FA-A436-C7E0B3D2FA7A}.Debug|Any CPU.Build.0 = Debug|Any CPU
		{63E0A405-18C8-44FA-A436-C7E0B3D2FA7A}.Release|Any CPU.ActiveCfg = Release|Any CPU
		{63E0A405-18C8-44FA-A436-C7E0B3D2FA7A}.Release|Any CPU.Build.0 = Release|Any CPU
		{6C138179-2C79-4535-9C3C-E78C529D3598}.Debug|Any CPU.ActiveCfg = Debug|Any CPU
		{6C138179-2C79-4535-9C3C-E78C529D3598}.Debug|Any CPU.Build.0 = Debug|Any CPU
		{6C138179-2C79-4535-9C3C-E78C529D3598}.Release|Any CPU.ActiveCfg = Release|Any CPU
		{6C138179-2C79-4535-9C3C-E78C529D3598}.Release|Any CPU.Build.0 = Release|Any CPU
		{6821D0A7-276D-462D-9ADA-F2E0ABBDA3F2}.Debug|Any CPU.ActiveCfg = Debug|Any CPU
		{6821D0A7-276D-462D-9ADA-F2E0ABBDA3F2}.Debug|Any CPU.Build.0 = Debug|Any CPU
		{6821D0A7-276D-462D-9ADA-F2E0ABBDA3F2}.Release|Any CPU.ActiveCfg = Release|Any CPU
		{6821D0A7-276D-462D-9ADA-F2E0ABBDA3F2}.Release|Any CPU.Build.0 = Release|Any CPU
		{F6E2FD5E-5581-4362-A072-FCE5099CCCC1}.Debug|Any CPU.ActiveCfg = Debug|Any CPU
		{F6E2FD5E-5581-4362-A072-FCE5099CCCC1}.Debug|Any CPU.Build.0 = Debug|Any CPU
		{F6E2FD5E-5581-4362-A072-FCE5099CCCC1}.Release|Any CPU.ActiveCfg = Release|Any CPU
		{F6E2FD5E-5581-4362-A072-FCE5099CCCC1}.Release|Any CPU.Build.0 = Release|Any CPU
		{E92DD62D-5BF4-4968-A03C-869127AB5860}.Debug|Any CPU.ActiveCfg = Debug|Any CPU
		{E92DD62D-5BF4-4968-A03C-869127AB5860}.Debug|Any CPU.Build.0 = Debug|Any CPU
		{E92DD62D-5BF4-4968-A03C-869127AB5860}.Release|Any CPU.ActiveCfg = Release|Any CPU
		{E92DD62D-5BF4-4968-A03C-869127AB5860}.Release|Any CPU.Build.0 = Release|Any CPU
		{4B6ED3E5-2D5B-4DA3-B172-CAB8E77D7BDD}.Debug|Any CPU.ActiveCfg = Debug|Any CPU
		{4B6ED3E5-2D5B-4DA3-B172-CAB8E77D7BDD}.Debug|Any CPU.Build.0 = Debug|Any CPU
		{4B6ED3E5-2D5B-4DA3-B172-CAB8E77D7BDD}.Release|Any CPU.ActiveCfg = Release|Any CPU
		{4B6ED3E5-2D5B-4DA3-B172-CAB8E77D7BDD}.Release|Any CPU.Build.0 = Release|Any CPU
		{CC64AE92-BA38-4256-8828-0F922194BA06}.Debug|Any CPU.ActiveCfg = Debug|Any CPU
		{CC64AE92-BA38-4256-8828-0F922194BA06}.Debug|Any CPU.Build.0 = Debug|Any CPU
		{CC64AE92-BA38-4256-8828-0F922194BA06}.Release|Any CPU.ActiveCfg = Release|Any CPU
		{CC64AE92-BA38-4256-8828-0F922194BA06}.Release|Any CPU.Build.0 = Release|Any CPU
	EndGlobalSection
	GlobalSection(SolutionProperties) = preSolution
		HideSolutionNode = FALSE
	EndGlobalSection
	GlobalSection(NestedProjects) = preSolution
		{7FC21FF5-7808-49FE-BB3B-7B85CD911681} = {953A4A84-9E4C-43AD-9478-06F141048C96}
		{169127D2-1424-46A9-9F8C-8349C91C2B80} = {953A4A84-9E4C-43AD-9478-06F141048C96}
		{CD60F2D5-6E51-417A-B50E-C4EB01EB7565} = {5595A2BC-2D23-4775-A70C-CDD915E9F9CF}
		{3AC30EA1-2DD2-48E6-888D-B79A10935AA4} = {5595A2BC-2D23-4775-A70C-CDD915E9F9CF}
		{178FDD5C-D3E5-4809-87C6-3A69C0055BC6} = {5595A2BC-2D23-4775-A70C-CDD915E9F9CF}
		{AEA2620F-8E97-4A2B-A5B9-BF9C3D79C5E4} = {5595A2BC-2D23-4775-A70C-CDD915E9F9CF}
		{6821D0A7-276D-462D-9ADA-F2E0ABBDA3F2} = {5595A2BC-2D23-4775-A70C-CDD915E9F9CF}
		{E92DD62D-5BF4-4968-A03C-869127AB5860} = {5595A2BC-2D23-4775-A70C-CDD915E9F9CF}
		{6C138179-2C79-4535-9C3C-E78C529D3598} = {EA5F59AE-FD74-4402-A01B-F6B9BDC036FC}
		{EF298CED-27E9-4647-93D6-883F4DCCC9EE} = {2AF39EF2-5B74-4912-B440-FFF641FCE62E}
		{63E0A405-18C8-44FA-A436-C7E0B3D2FA7A} = {E2DA3F5E-A27F-475C-B8C4-D17394BF359A}
		{3A658E63-1DBA-4CE0-9696-5A40E292A944} = {7FC21FF5-7808-49FE-BB3B-7B85CD911681}
		{F6E2FD5E-5581-4362-A072-FCE5099CCCC1} = {7FC21FF5-7808-49FE-BB3B-7B85CD911681}
		{4B6ED3E5-2D5B-4DA3-B172-CAB8E77D7BDD} = {169127D2-1424-46A9-9F8C-8349C91C2B80}
		{CC64AE92-BA38-4256-8828-0F922194BA06} = {169127D2-1424-46A9-9F8C-8349C91C2B80}
	EndGlobalSection
EndGlobal
